
Microsoft Visual Studio Solution File, Format Version 12.00
# Visual Studio Version 16
VisualStudioVersion = 16.0.34114.132
MinimumVisualStudioVersion = 10.0.40219.1
Project("{2150E333-8FDC-42A3-9474-1A3956D46DE8}") = "Task0", "Task0", "{9F239A52-6490-496D-AC99-30EC0189F252}"
EndProject
Project("{FAE04EC0-301F-11D3-BF4B-00C04F79EFBC}") = "Tyuiu.BorodulinMS.Sprint4.Task0.V1", "Tyuiu.BorodulinMS.Sprint4.Task0.V1\Tyuiu.BorodulinMS.Sprint4.Task0.V1.csproj", "{2899919F-FBB5-4136-A3DF-ED1F0DAD23C8}"
EndProject
Project("{FAE04EC0-301F-11D3-BF4B-00C04F79EFBC}") = "Tyuiu.BorodulinMS.Sprint4.Task0.V1.Test", "Tyuiu.BorodulinMS.Sprint4.Task0.V1.Test\Tyuiu.BorodulinMS.Sprint4.Task0.V1.Test.csproj", "{5858D1F2-3454-4822-A226-157CADB23D8E}"
EndProject
Project("{FAE04EC0-301F-11D3-BF4B-00C04F79EFBC}") = "Tyuiu.BorodulinMS.Sprint4.Task0.V1.Lib", "Tyuiu.BorodulinMS.Sprint4.Task0.V1.Lib\Tyuiu.BorodulinMS.Sprint4.Task0.V1.Lib.csproj", "{BCB451CA-DE74-477B-9D6A-CBF4864C995F}"
EndProject
Project("{2150E333-8FDC-42A3-9474-1A3956D46DE8}") = "Task1", "Task1", "{2D4CE044-4B01-4652-8093-A39E7B8AB907}"
EndProject
Project("{FAE04EC0-301F-11D3-BF4B-00C04F79EFBC}") = "Tyuiu.BorodulinMS.Sprint4.Task1.V3", "Tyuiu.BorodulinMS.Sprint4.Task1.V3\Tyuiu.BorodulinMS.Sprint4.Task1.V3.csproj", "{B254B3E4-DA85-401C-8F2A-23DA441963A0}"
EndProject
Project("{FAE04EC0-301F-11D3-BF4B-00C04F79EFBC}") = "Tyuiu.BorodulinMS.Sprint4.Task1.V3.Lib", "Tyuiu.BorodulinMS.Sprint4.Task1.V3.Lib\Tyuiu.BorodulinMS.Sprint4.Task1.V3.Lib.csproj", "{11A772BA-9ABE-44F4-9E4A-E3780075B41C}"
EndProject
Project("{FAE04EC0-301F-11D3-BF4B-00C04F79EFBC}") = "Tyuiu.BorodulinMS.Sprint4.Task1.V3.Test", "Tyuiu.BorodulinMS.Sprint4.Task1.V3.Test\Tyuiu.BorodulinMS.Sprint4.Task1.V3.Test.csproj", "{09BF52ED-EDAE-4EE6-977D-D97C27B14DA7}"
EndProject
Project("{2150E333-8FDC-42A3-9474-1A3956D46DE8}") = "Task2", "Task2", "{B82EF060-70B9-4EE6-B818-E6A278BB484D}"
EndProject
Project("{FAE04EC0-301F-11D3-BF4B-00C04F79EFBC}") = "Tyuiu.BorodulinMS.Sprint4.Task2.V24", "Tyuiu.BorodulinMS.Sprint4.Task2.V24\Tyuiu.BorodulinMS.Sprint4.Task2.V24.csproj", "{6547DAE7-9CB1-42B1-85A8-185AFA911056}"
EndProject
Project("{FAE04EC0-301F-11D3-BF4B-00C04F79EFBC}") = "Tyuiu.BorodulinMS.Sprint4.Task2.V24.Lib", "Tyuiu.BorodulinMS.Sprint4.Task2.V24.Lib\Tyuiu.BorodulinMS.Sprint4.Task2.V24.Lib.csproj", "{92581B7D-9DDC-4750-B25C-70BF0952F5E3}"
EndProject
Project("{FAE04EC0-301F-11D3-BF4B-00C04F79EFBC}") = "Tyuiu.BorodulinMS.Sprint4.Task2.V24.Test", "Tyuiu.BorodulinMS.Sprint4.Task2.V24.Test\Tyuiu.BorodulinMS.Sprint4.Task2.V24.Test.csproj", "{1C76068F-8300-4886-B178-3F6D456EDD9C}"
EndProject
Global
	GlobalSection(SolutionConfigurationPlatforms) = preSolution
		Debug|Any CPU = Debug|Any CPU
		Release|Any CPU = Release|Any CPU
	EndGlobalSection
	GlobalSection(ProjectConfigurationPlatforms) = postSolution
		{2899919F-FBB5-4136-A3DF-ED1F0DAD23C8}.Debug|Any CPU.ActiveCfg = Debug|Any CPU
		{2899919F-FBB5-4136-A3DF-ED1F0DAD23C8}.Debug|Any CPU.Build.0 = Debug|Any CPU
		{2899919F-FBB5-4136-A3DF-ED1F0DAD23C8}.Release|Any CPU.ActiveCfg = Release|Any CPU
		{2899919F-FBB5-4136-A3DF-ED1F0DAD23C8}.Release|Any CPU.Build.0 = Release|Any CPU
		{5858D1F2-3454-4822-A226-157CADB23D8E}.Debug|Any CPU.ActiveCfg = Debug|Any CPU
		{5858D1F2-3454-4822-A226-157CADB23D8E}.Debug|Any CPU.Build.0 = Debug|Any CPU
		{5858D1F2-3454-4822-A226-157CADB23D8E}.Release|Any CPU.ActiveCfg = Release|Any CPU
		{5858D1F2-3454-4822-A226-157CADB23D8E}.Release|Any CPU.Build.0 = Release|Any CPU
		{BCB451CA-DE74-477B-9D6A-CBF4864C995F}.Debug|Any CPU.ActiveCfg = Debug|Any CPU
		{BCB451CA-DE74-477B-9D6A-CBF4864C995F}.Debug|Any CPU.Build.0 = Debug|Any CPU
		{BCB451CA-DE74-477B-9D6A-CBF4864C995F}.Release|Any CPU.ActiveCfg = Release|Any CPU
		{BCB451CA-DE74-477B-9D6A-CBF4864C995F}.Release|Any CPU.Build.0 = Release|Any CPU
		{B254B3E4-DA85-401C-8F2A-23DA441963A0}.Debug|Any CPU.ActiveCfg = Debug|Any CPU
		{B254B3E4-DA85-401C-8F2A-23DA441963A0}.Debug|Any CPU.Build.0 = Debug|Any CPU
		{B254B3E4-DA85-401C-8F2A-23DA441963A0}.Release|Any CPU.ActiveCfg = Release|Any CPU
		{B254B3E4-DA85-401C-8F2A-23DA441963A0}.Release|Any CPU.Build.0 = Release|Any CPU
		{11A772BA-9ABE-44F4-9E4A-E3780075B41C}.Debug|Any CPU.ActiveCfg = Debug|Any CPU
		{11A772BA-9ABE-44F4-9E4A-E3780075B41C}.Debug|Any CPU.Build.0 = Debug|Any CPU
		{11A772BA-9ABE-44F4-9E4A-E3780075B41C}.Release|Any CPU.ActiveCfg = Release|Any CPU
		{11A772BA-9ABE-44F4-9E4A-E3780075B41C}.Release|Any CPU.Build.0 = Release|Any CPU
		{09BF52ED-EDAE-4EE6-977D-D97C27B14DA7}.Debug|Any CPU.ActiveCfg = Debug|Any CPU
		{09BF52ED-EDAE-4EE6-977D-D97C27B14DA7}.Debug|Any CPU.Build.0 = Debug|Any CPU
		{09BF52ED-EDAE-4EE6-977D-D97C27B14DA7}.Release|Any CPU.ActiveCfg = Release|Any CPU
		{09BF52ED-EDAE-4EE6-977D-D97C27B14DA7}.Release|Any CPU.Build.0 = Release|Any CPU
		{6547DAE7-9CB1-42B1-85A8-185AFA911056}.Debug|Any CPU.ActiveCfg = Debug|Any CPU
		{6547DAE7-9CB1-42B1-85A8-185AFA911056}.Debug|Any CPU.Build.0 = Debug|Any CPU
		{6547DAE7-9CB1-42B1-85A8-185AFA911056}.Release|Any CPU.ActiveCfg = Release|Any CPU
		{6547DAE7-9CB1-42B1-85A8-185AFA911056}.Release|Any CPU.Build.0 = Release|Any CPU
		{92581B7D-9DDC-4750-B25C-70BF0952F5E3}.Debug|Any CPU.ActiveCfg = Debug|Any CPU
		{92581B7D-9DDC-4750-B25C-70BF0952F5E3}.Debug|Any CPU.Build.0 = Debug|Any CPU
		{92581B7D-9DDC-4750-B25C-70BF0952F5E3}.Release|Any CPU.ActiveCfg = Release|Any CPU
		{92581B7D-9DDC-4750-B25C-70BF0952F5E3}.Release|Any CPU.Build.0 = Release|Any CPU
		{1C76068F-8300-4886-B178-3F6D456EDD9C}.Debug|Any CPU.ActiveCfg = Debug|Any CPU
		{1C76068F-8300-4886-B178-3F6D456EDD9C}.Debug|Any CPU.Build.0 = Debug|Any CPU
		{1C76068F-8300-4886-B178-3F6D456EDD9C}.Release|Any CPU.ActiveCfg = Release|Any CPU
		{1C76068F-8300-4886-B178-3F6D456EDD9C}.Release|Any CPU.Build.0 = Release|Any CPU
	EndGlobalSection
	GlobalSection(SolutionProperties) = preSolution
		HideSolutionNode = FALSE
	EndGlobalSection
	GlobalSection(NestedProjects) = preSolution
		{2899919F-FBB5-4136-A3DF-ED1F0DAD23C8} = {9F239A52-6490-496D-AC99-30EC0189F252}
		{5858D1F2-3454-4822-A226-157CADB23D8E} = {9F239A52-6490-496D-AC99-30EC0189F252}
		{BCB451CA-DE74-477B-9D6A-CBF4864C995F} = {9F239A52-6490-496D-AC99-30EC0189F252}
		{B254B3E4-DA85-401C-8F2A-23DA441963A0} = {2D4CE044-4B01-4652-8093-A39E7B8AB907}
		{11A772BA-9ABE-44F4-9E4A-E3780075B41C} = {2D4CE044-4B01-4652-8093-A39E7B8AB907}
		{09BF52ED-EDAE-4EE6-977D-D97C27B14DA7} = {2D4CE044-4B01-4652-8093-A39E7B8AB907}
		{6547DAE7-9CB1-42B1-85A8-185AFA911056} = {B82EF060-70B9-4EE6-B818-E6A278BB484D}
		{92581B7D-9DDC-4750-B25C-70BF0952F5E3} = {B82EF060-70B9-4EE6-B818-E6A278BB484D}
		{1C76068F-8300-4886-B178-3F6D456EDD9C} = {B82EF060-70B9-4EE6-B818-E6A278BB484D}
	EndGlobalSection
	GlobalSection(ExtensibilityGlobals) = postSolution
		SolutionGuid = {FCB84FBE-CB60-4598-9A2D-747FBAB8AFAA}
	EndGlobalSection
EndGlobal
